Microsoft Visual Studio Solution File, Format Version 12.00
# Visual Studio Version 16
VisualStudioVersion = 16.0.29230.47
MinimumVisualStudioVersion = 15.0.26124.0
Project("{9A19103F-16F7-4668-BE54-9A1E7A4F7556}") = "Yow.CoD.Finance.Domain", "Yow.CoD.Finance.Domain\Yow.CoD.Finance.Domain.csproj", "{1D51D35C-BE04-4A38-941F-0E29F3B69D56}"
EndProject
Project("{FAE04EC0-301F-11D3-BF4B-00C04F79EFBC}") = "Yow.CoD.Finance.Domain.Tests", "Yow.CoD.Finance.Domain.Tests\Yow.CoD.Finance.Domain.Tests.csproj", "{6213595D-8FB4-4058-9588-75EE62A37797}"
EndProject
Project("{FAE04EC0-301F-11D3-BF4B-00C04F79EFBC}") = "Yow.CoD.Finance.AspNetCommsAdapter", "Yow.CoD.Finance.AspNetCommsAdapter\Yow.CoD.Finance.AspNetCommsAdapter.csproj", "{18B11EB9-8329-4F0D-8D93-45CD1354ECB0}"
EndProject
Global
	GlobalSection(SolutionConfigurationPlatforms) = preSolution
		Debug|Any CPU = Debug|Any CPU
		Debug|x64 = Debug|x64
		Debug|x86 = Debug|x86
		Release|Any CPU = Release|Any CPU
		Release|x64 = Release|x64
		Release|x86 = Release|x86
	EndGlobalSection
	GlobalSection(ProjectConfigurationPlatforms) = postSolution
		{1D51D35C-BE04-4A38-941F-0E29F3B69D56}.Debug|Any CPU.ActiveCfg = Debug|Any CPU
		{1D51D35C-BE04-4A38-941F-0E29F3B69D56}.Debug|Any CPU.Build.0 = Debug|Any CPU
		{1D51D35C-BE04-4A38-941F-0E29F3B69D56}.Debug|x64.ActiveCfg = Debug|Any CPU
		{1D51D35C-BE04-4A38-941F-0E29F3B69D56}.Debug|x64.Build.0 = Debug|Any CPU
		{1D51D35C-BE04-4A38-941F-0E29F3B69D56}.Debug|x86.ActiveCfg = Debug|Any CPU
		{1D51D35C-BE04-4A38-941F-0E29F3B69D56}.Debug|x86.Build.0 = Debug|Any CPU
		{1D51D35C-BE04-4A38-941F-0E29F3B69D56}.Release|Any CPU.ActiveCfg = Release|Any CPU
		{1D51D35C-BE04-4A38-941F-0E29F3B69D56}.Release|Any CPU.Build.0 = Release|Any CPU
		{1D51D35C-BE04-4A38-941F-0E29F3B69D56}.Release|x64.ActiveCfg = Release|Any CPU
		{1D51D35C-BE04-4A38-941F-0E29F3B69D56}.Release|x64.Build.0 = Release|Any CPU
		{1D51D35C-BE04-4A38-941F-0E29F3B69D56}.Release|x86.ActiveCfg = Release|Any CPU
		{1D51D35C-BE04-4A38-941F-0E29F3B69D56}.Release|x86.Build.0 = Release|Any CPU
		{6213595D-8FB4-4058-9588-75EE62A37797}.Debug|Any CPU.ActiveCfg = Debug|Any CPU
		{6213595D-8FB4-4058-9588-75EE62A37797}.Debug|Any CPU.Build.0 = Debug|Any CPU
		{6213595D-8FB4-4058-9588-75EE62A37797}.Debug|x64.ActiveCfg = Debug|Any CPU
		{6213595D-8FB4-4058-9588-75EE62A37797}.Debug|x64.Build.0 = Debug|Any CPU
		{6213595D-8FB4-4058-9588-75EE62A37797}.Debug|x86.ActiveCfg = Debug|Any CPU
		{6213595D-8FB4-4058-9588-75EE62A37797}.Debug|x86.Build.0 = Debug|Any CPU
		{6213595D-8FB4-4058-9588-75EE62A37797}.Release|Any CPU.ActiveCfg = Release|Any CPU
		{6213595D-8FB4-4058-9588-75EE62A37797}.Release|Any CPU.Build.0 = Release|Any CPU
		{6213595D-8FB4-4058-9588-75EE62A37797}.Release|x64.ActiveCfg = Release|Any CPU
		{6213595D-8FB4-4058-9588-75EE62A37797}.Release|x64.Build.0 = Release|Any CPU
		{6213595D-8FB4-4058-9588-75EE62A37797}.Release|x86.ActiveCfg = Release|Any CPU
		{6213595D-8FB4-4058-9588-75EE62A37797}.Release|x86.Build.0 = Release|Any CPU
		{18B11EB9-8329-4F0D-8D93-45CD1354ECB0}.Debug|Any CPU.ActiveCfg = Debug|Any CPU
		{18B11EB9-8329-4F0D-8D93-45CD1354ECB0}.Debug|Any CPU.Build.0 = Debug|Any CPU
		{18B11EB9-8329-4F0D-8D93-45CD1354ECB0}.Debug|x64.ActiveCfg = Debug|Any CPU
		{18B11EB9-8329-4F0D-8D93-45CD1354ECB0}.Debug|x64.Build.0 = Debug|Any CPU
		{18B11EB9-8329-4F0D-8D93-45CD1354ECB0}.Debug|x86.ActiveCfg = Debug|Any CPU
		{18B11EB9-8329-4F0D-8D93-45CD1354ECB0}.Debug|x86.Build.0 = Debug|Any CPU
		{18B11EB9-8329-4F0D-8D93-45CD1354ECB0}.Release|Any CPU.ActiveCfg = Release|Any CPU
		{18B11EB9-8329-4F0D-8D93-45CD1354ECB0}.Release|Any CPU.Build.0 = Release|Any CPU
		{18B11EB9-8329-4F0D-8D93-45CD1354ECB0}.Release|x64.ActiveCfg = Release|Any CPU
		{18B11EB9-8329-4F0D-8D93-45CD1354ECB0}.Release|x64.Build.0 = Release|Any CPU
		{18B11EB9-8329-4F0D-8D93-45CD1354ECB0}.Release|x86.ActiveCfg = Release|Any CPU
		{18B11EB9-8329-4F0D-8D93-45CD1354ECB0}.Release|x86.Build.0 = Release|Any CPU
	EndGlobalSection
	GlobalSection(SolutionProperties) = preSolution
		HideSolutionNode = FALSE
	EndGlobalSection
	GlobalSection(ExtensibilityGlobals) = postSolution
		SolutionGuid = {F46FA6DB-7F59-4B4C-92F4-AC5608955AD4}
	EndGlobalSection
EndGlobal
