Microsoft Visual Studio Solution File, Format Version 12.00
# Visual Studio Version 16
VisualStudioVersion = 16.0.29230.47
MinimumVisualStudioVersion = 15.0.26124.0
Project("{9A19103F-16F7-4668-BE54-9A1E7A4F7556}") = "Yow.CoD.Finance.Domain", "Yow.CoD.Finance.Domain\Yow.CoD.Finance.Domain.csproj", "{1D51D35C-BE04-4A38-941F-0E29F3B69D56}"
EndProject
Project("{FAE04EC0-301F-11D3-BF4B-00C04F79EFBC}") = "Yow.CoD.Finance.Domain.Tests", "Yow.CoD.Finance.Domain.Tests\Yow.CoD.Finance.Domain.Tests.csproj", "{6213595D-8FB4-4058-9588-75EE62A37797}"
EndProject
Project("{2150E333-8FDC-42A3-9474-1A3956D46DE8}") = "docker", "docker", "{7EC070FD-E21D-45E2-A07A-228C20767F00}"
	ProjectSection(SolutionItems) = preProject
		docker\app.dockerfile = docker\app.dockerfile
		docker-compose.yml = docker-compose.yml
	EndProjectSection
EndProject
Project("{FAE04EC0-301F-11D3-BF4B-00C04F79EFBC}") = "Yow.CoD.Finance.Application", "Yow.CoD.Finance.Application\Yow.CoD.Finance.Application.csproj", "{625D22E7-8092-4F86-86DA-F65C262B5DFE}"
EndProject
Global
	GlobalSection(SolutionConfigurationPlatforms) = preSolution
		Debug|Any CPU = Debug|Any CPU
		Debug|x64 = Debug|x64
		Debug|x86 = Debug|x86
		Release|Any CPU = Release|Any CPU
		Release|x64 = Release|x64
		Release|x86 = Release|x86
	EndGlobalSection
	GlobalSection(ProjectConfigurationPlatforms) = postSolution
		{1D51D35C-BE04-4A38-941F-0E29F3B69D56}.Debug|Any CPU.ActiveCfg = Debug|Any CPU
		{1D51D35C-BE04-4A38-941F-0E29F3B69D56}.Debug|Any CPU.Build.0 = Debug|Any CPU
		{1D51D35C-BE04-4A38-941F-0E29F3B69D56}.Debug|x64.ActiveCfg = Debug|Any CPU
		{1D51D35C-BE04-4A38-941F-0E29F3B69D56}.Debug|x64.Build.0 = Debug|Any CPU
		{1D51D35C-BE04-4A38-941F-0E29F3B69D56}.Debug|x86.ActiveCfg = Debug|Any CPU
		{1D51D35C-BE04-4A38-941F-0E29F3B69D56}.Debug|x86.Build.0 = Debug|Any CPU
		{1D51D35C-BE04-4A38-941F-0E29F3B69D56}.Release|Any CPU.ActiveCfg = Release|Any CPU
		{1D51D35C-BE04-4A38-941F-0E29F3B69D56}.Release|Any CPU.Build.0 = Release|Any CPU
		{1D51D35C-BE04-4A38-941F-0E29F3B69D56}.Release|x64.ActiveCfg = Release|Any CPU
		{1D51D35C-BE04-4A38-941F-0E29F3B69D56}.Release|x64.Build.0 = Release|Any CPU
		{1D51D35C-BE04-4A38-941F-0E29F3B69D56}.Release|x86.ActiveCfg = Release|Any CPU
		{1D51D35C-BE04-4A38-941F-0E29F3B69D56}.Release|x86.Build.0 = Release|Any CPU
		{6213595D-8FB4-4058-9588-75EE62A37797}.Debug|Any CPU.ActiveCfg = Debug|Any CPU
		{6213595D-8FB4-4058-9588-75EE62A37797}.Debug|Any CPU.Build.0 = Debug|Any CPU
		{6213595D-8FB4-4058-9588-75EE62A37797}.Debug|x64.ActiveCfg = Debug|Any CPU
		{6213595D-8FB4-4058-9588-75EE62A37797}.Debug|x64.Build.0 = Debug|Any CPU
		{6213595D-8FB4-4058-9588-75EE62A37797}.Debug|x86.ActiveCfg = Debug|Any CPU
		{6213595D-8FB4-4058-9588-75EE62A37797}.Debug|x86.Build.0 = Debug|Any CPU
		{6213595D-8FB4-4058-9588-75EE62A37797}.Release|Any CPU.ActiveCfg = Release|Any CPU
		{6213595D-8FB4-4058-9588-75EE62A37797}.Release|Any CPU.Build.0 = Release|Any CPU
		{6213595D-8FB4-4058-9588-75EE62A37797}.Release|x64.ActiveCfg = Release|Any CPU
		{6213595D-8FB4-4058-9588-75EE62A37797}.Release|x64.Build.0 = Release|Any CPU
		{6213595D-8FB4-4058-9588-75EE62A37797}.Release|x86.ActiveCfg = Release|Any CPU
		{6213595D-8FB4-4058-9588-75EE62A37797}.Release|x86.Build.0 = Release|Any CPU
		{625D22E7-8092-4F86-86DA-F65C262B5DFE}.Debug|Any CPU.ActiveCfg = Debug|Any CPU
		{625D22E7-8092-4F86-86DA-F65C262B5DFE}.Debug|Any CPU.Build.0 = Debug|Any CPU
		{625D22E7-8092-4F86-86DA-F65C262B5DFE}.Debug|x64.ActiveCfg = Debug|Any CPU
		{625D22E7-8092-4F86-86DA-F65C262B5DFE}.Debug|x64.Build.0 = Debug|Any CPU
		{625D22E7-8092-4F86-86DA-F65C262B5DFE}.Debug|x86.ActiveCfg = Debug|Any CPU
		{625D22E7-8092-4F86-86DA-F65C262B5DFE}.Debug|x86.Build.0 = Debug|Any CPU
		{625D22E7-8092-4F86-86DA-F65C262B5DFE}.Release|Any CPU.ActiveCfg = Release|Any CPU
		{625D22E7-8092-4F86-86DA-F65C262B5DFE}.Release|Any CPU.Build.0 = Release|Any CPU
		{625D22E7-8092-4F86-86DA-F65C262B5DFE}.Release|x64.ActiveCfg = Release|Any CPU
		{625D22E7-8092-4F86-86DA-F65C262B5DFE}.Release|x64.Build.0 = Release|Any CPU
		{625D22E7-8092-4F86-86DA-F65C262B5DFE}.Release|x86.ActiveCfg = Release|Any CPU
		{625D22E7-8092-4F86-86DA-F65C262B5DFE}.Release|x86.Build.0 = Release|Any CPU
	EndGlobalSection
	GlobalSection(SolutionProperties) = preSolution
		HideSolutionNode = FALSE
	EndGlobalSection
	GlobalSection(ExtensibilityGlobals) = postSolution
		SolutionGuid = {F46FA6DB-7F59-4B4C-92F4-AC5608955AD4}
	EndGlobalSection
EndGlobal
